
Microsoft Visual Studio Solution File, Format Version 12.00
# Visual Studio Version 17
VisualStudioVersion = 17.12.35521.163
MinimumVisualStudioVersion = 10.0.40219.1
Project("{FAE04EC0-301F-11D3-BF4B-00C04F79EFBC}") = "NewSamDU.Api", "NewSamDU.Api\NewSamDU.Api.csproj", "{8EDFA27E-3501-47C4-BB0D-28C8DAFBD4DE}"
EndProject
Project("{FAE04EC0-301F-11D3-BF4B-00C04F79EFBC}") = "NewSamDU.Domain", "NewSamDU.Domain\NewSamDU.Domain.csproj", "{A49D3F21-3755-4EDB-B30F-26398F8E5DAC}"
EndProject
Project("{FAE04EC0-301F-11D3-BF4B-00C04F79EFBC}") = "NewSamDU.Application", "NewSamDU.Application\NewSamDU.Application.csproj", "{98E38757-C96D-40A5-854F-6BAFCC473715}"
EndProject
Project("{FAE04EC0-301F-11D3-BF4B-00C04F79EFBC}") = "NewSamDU.Infrastructure", "NewSamDU.Infrastructure\NewSamDU.Infrastructure.csproj", "{A398671D-E82F-43E1-93F1-4B255E52F55C}"
EndProject
Global
	GlobalSection(SolutionConfigurationPlatforms) = preSolution
		Debug|Any CPU = Debug|Any CPU
		Release|Any CPU = Release|Any CPU
	EndGlobalSection
	GlobalSection(ProjectConfigurationPlatforms) = postSolution
		{8EDFA27E-3501-47C4-BB0D-28C8DAFBD4DE}.Debug|Any CPU.ActiveCfg = Debug|Any CPU
		{8EDFA27E-3501-47C4-BB0D-28C8DAFBD4DE}.Debug|Any CPU.Build.0 = Debug|Any CPU
		{8EDFA27E-3501-47C4-BB0D-28C8DAFBD4DE}.Release|Any CPU.ActiveCfg = Release|Any CPU
		{8EDFA27E-3501-47C4-BB0D-28C8DAFBD4DE}.Release|Any CPU.Build.0 = Release|Any CPU
		{A49D3F21-3755-4EDB-B30F-26398F8E5DAC}.Debug|Any CPU.ActiveCfg = Debug|Any CPU
		{A49D3F21-3755-4EDB-B30F-26398F8E5DAC}.Debug|Any CPU.Build.0 = Debug|Any CPU
		{A49D3F21-3755-4EDB-B30F-26398F8E5DAC}.Release|Any CPU.ActiveCfg = Release|Any CPU
		{A49D3F21-3755-4EDB-B30F-26398F8E5DAC}.Release|Any CPU.Build.0 = Release|Any CPU
		{98E38757-C96D-40A5-854F-6BAFCC473715}.Debug|Any CPU.ActiveCfg = Debug|Any CPU
		{98E38757-C96D-40A5-854F-6BAFCC473715}.Debug|Any CPU.Build.0 = Debug|Any CPU
		{98E38757-C96D-40A5-854F-6BAFCC473715}.Release|Any CPU.ActiveCfg = Release|Any CPU
		{98E38757-C96D-40A5-854F-6BAFCC473715}.Release|Any CPU.Build.0 = Release|Any CPU
		{A398671D-E82F-43E1-93F1-4B255E52F55C}.Debug|Any CPU.ActiveCfg = Debug|Any CPU
		{A398671D-E82F-43E1-93F1-4B255E52F55C}.Debug|Any CPU.Build.0 = Debug|Any CPU
		{A398671D-E82F-43E1-93F1-4B255E52F55C}.Release|Any CPU.ActiveCfg = Release|Any CPU
		{A398671D-E82F-43E1-93F1-4B255E52F55C}.Release|Any CPU.Build.0 = Release|Any CPU
	EndGlobalSection
	GlobalSection(SolutionProperties) = preSolution
		HideSolutionNode = FALSE
	EndGlobalSection
EndGlobal
